// !$*UTF8*$!
{
	archiveVersion = 1;
	classes = {
	};
	objectVersion = 50;
	objects = {

/* Begin PBXBuildFile section */
		9F7BCC7623A9022600E4D2AA /* AppDelegate.swift in Sources */ = {isa = PBXBuildFile; fileRef = 9F7BCC7523A9022600E4D2AA /* AppDelegate.swift */; };
		9F7BCC7823A9022600E4D2AA /* TransactionViewController.swift in Sources */ = {isa = PBXBuildFile; fileRef = 9F7BCC7723A9022600E4D2AA /* TransactionViewController.swift */; };
		9F7BCC7B23A9022600E4D2AA /* Transactions.storyboard in Resources */ = {isa = PBXBuildFile; fileRef = 9F7BCC7923A9022600E4D2AA /* Transactions.storyboard */; };
		9F7BCC7D23A9022700E4D2AA /* Assets.xcassets in Resources */ = {isa = PBXBuildFile; fileRef = 9F7BCC7C23A9022700E4D2AA /* Assets.xcassets */; };
		9F7BCC8023A9022700E4D2AA /* LaunchScreen.storyboard in Resources */ = {isa = PBXBuildFile; fileRef = 9F7BCC7E23A9022700E4D2AA /* LaunchScreen.storyboard */; };
		9F7BCC8B23A9022700E4D2AA /* BudTechnicalTestTests.swift in Sources */ = {isa = PBXBuildFile; fileRef = 9F7BCC8A23A9022700E4D2AA /* BudTechnicalTestTests.swift */; };
		9F7BCC9E23A920DC00E4D2AA /* Transaction.swift in Sources */ = {isa = PBXBuildFile; fileRef = 9F7BCC9D23A920DC00E4D2AA /* Transaction.swift */; };
		9F7BCCA523A93FEE00E4D2AA /* TransactionTableViewCell.swift in Sources */ = {isa = PBXBuildFile; fileRef = 9F7BCCA323A93FEE00E4D2AA /* TransactionTableViewCell.swift */; };
		9F7BCCA623A93FEE00E4D2AA /* TransactionTableViewCell.xib in Resources */ = {isa = PBXBuildFile; fileRef = 9F7BCCA423A93FEE00E4D2AA /* TransactionTableViewCell.xib */; };
		9F7BCCA923A942E900E4D2AA /* TransactionWebService.swift in Sources */ = {isa = PBXBuildFile; fileRef = 9F7BCCA823A942E900E4D2AA /* TransactionWebService.swift */; };
		9F7BCCB023AA87ED00E4D2AA /* UIImageView+URL.swift in Sources */ = {isa = PBXBuildFile; fileRef = 9F7BCCAF23AA87ED00E4D2AA /* UIImageView+URL.swift */; };
		9F7BCCB223ABDE7200E4D2AA /* UIImageView+CircularImage.swift in Sources */ = {isa = PBXBuildFile; fileRef = 9F7BCCB123ABDE7200E4D2AA /* UIImageView+CircularImage.swift */; };
		9F7BCCB423ABDF9A00E4D2AA /* UIImageView+Border.swift in Sources */ = {isa = PBXBuildFile; fileRef = 9F7BCCB323ABDF9A00E4D2AA /* UIImageView+Border.swift */; };
/* End PBXBuildFile section */

/* Begin PBXContainerItemProxy section */
		9F7BCC8723A9022700E4D2AA /* PBXContainerItemProxy */ = {
			isa = PBXContainerItemProxy;
			containerPortal = 9F7BCC6A23A9022600E4D2AA /* Project object */;
			proxyType = 1;
			remoteGlobalIDString = 9F7BCC7123A9022600E4D2AA;
			remoteInfo = BudTechnicalTest;
		};
/* End PBXContainerItemProxy section */

/* Begin PBXFileReference section */
		9F7BCC7223A9022600E4D2AA /* BudTechnicalTest.app */ = {isa = PBXFileReference; explicitFileType = wrapper.application; includeInIndex = 0; path = BudTechnicalTest.app; sourceTree = BUILT_PRODUCTS_DIR; };
		9F7BCC7523A9022600E4D2AA /* AppDelegate.swift */ = {isa = PBXFileReference; lastKnownFileType = sourcecode.swift; path = AppDelegate.swift; sourceTree = "<group>"; };
		9F7BCC7723A9022600E4D2AA /* TransactionViewController.swift */ = {isa = PBXFileReference; lastKnownFileType = sourcecode.swift; path = TransactionViewController.swift; sourceTree = "<group>"; };
		9F7BCC7A23A9022600E4D2AA /* Base */ = {isa = PBXFileReference; lastKnownFileType = file.storyboard; name = Base; path = Base.lproj/Transactions.storyboard; sourceTree = "<group>"; };
		9F7BCC7C23A9022700E4D2AA /* Assets.xcassets */ = {isa = PBXFileReference; lastKnownFileType = folder.assetcatalog; path = Assets.xcassets; sourceTree = "<group>"; };
		9F7BCC7F23A9022700E4D2AA /* Base */ = {isa = PBXFileReference; lastKnownFileType = file.storyboard; name = Base; path = Base.lproj/LaunchScreen.storyboard; sourceTree = "<group>"; };
		9F7BCC8123A9022700E4D2AA /* Info.plist */ = {isa = PBXFileReference; lastKnownFileType = text.plist.xml; path = Info.plist; sourceTree = "<group>"; };
		9F7BCC8623A9022700E4D2AA /* BudTechnicalTestTests.xctest */ = {isa = PBXFileReference; explicitFileType = wrapper.cfbundle; includeInIndex = 0; path = BudTechnicalTestTests.xctest; sourceTree = BUILT_PRODUCTS_DIR; };
		9F7BCC8A23A9022700E4D2AA /* BudTechnicalTestTests.swift */ = {isa = PBXFileReference; lastKnownFileType = sourcecode.swift; path = BudTechnicalTestTests.swift; sourceTree = "<group>"; };
		9F7BCC8C23A9022700E4D2AA /* Info.plist */ = {isa = PBXFileReference; lastKnownFileType = text.plist.xml; path = Info.plist; sourceTree = "<group>"; };
		9F7BCC9D23A920DC00E4D2AA /* Transaction.swift */ = {isa = PBXFileReference; lastKnownFileType = sourcecode.swift; path = Transaction.swift; sourceTree = "<group>"; };
		9F7BCCA323A93FEE00E4D2AA /* TransactionTableViewCell.swift */ = {isa = PBXFileReference; lastKnownFileType = sourcecode.swift; path = TransactionTableViewCell.swift; sourceTree = "<group>"; };
		9F7BCCA423A93FEE00E4D2AA /* TransactionTableViewCell.xib */ = {isa = PBXFileReference; lastKnownFileType = file.xib; path = TransactionTableViewCell.xib; sourceTree = "<group>"; };
		9F7BCCA823A942E900E4D2AA /* TransactionWebService.swift */ = {isa = PBXFileReference; lastKnownFileType = sourcecode.swift; path = TransactionWebService.swift; sourceTree = "<group>"; };
		9F7BCCAF23AA87ED00E4D2AA /* UIImageView+URL.swift */ = {isa = PBXFileReference; lastKnownFileType = sourcecode.swift; path = "UIImageView+URL.swift"; sourceTree = "<group>"; };
		9F7BCCB123ABDE7200E4D2AA /* UIImageView+CircularImage.swift */ = {isa = PBXFileReference; lastKnownFileType = sourcecode.swift; path = "UIImageView+CircularImage.swift"; sourceTree = "<group>"; };
		9F7BCCB323ABDF9A00E4D2AA /* UIImageView+Border.swift */ = {isa = PBXFileReference; lastKnownFileType = sourcecode.swift; path = "UIImageView+Border.swift"; sourceTree = "<group>"; };
/* End PBXFileReference section */

/* Begin PBXFrameworksBuildPhase section */
		9F7BCC6F23A9022600E4D2AA /* Frameworks */ = {
			isa = PBXFrameworksBuildPhase;
			buildActionMask = 2147483647;
			files = (
			);
			runOnlyForDeploymentPostprocessing = 0;
		};
		9F7BCC8323A9022700E4D2AA /* Frameworks */ = {
			isa = PBXFrameworksBuildPhase;
			buildActionMask = 2147483647;
			files = (
			);
			runOnlyForDeploymentPostprocessing = 0;
		};
/* End PBXFrameworksBuildPhase section */

/* Begin PBXGroup section */
		9F7BCC6923A9022600E4D2AA = {
			isa = PBXGroup;
			children = (
				9F7BCC7423A9022600E4D2AA /* BudTechnicalTest */,
				9F7BCC8923A9022700E4D2AA /* BudTechnicalTestTests */,
				9F7BCC7323A9022600E4D2AA /* Products */,
			);
			sourceTree = "<group>";
		};
		9F7BCC7323A9022600E4D2AA /* Products */ = {
			isa = PBXGroup;
			children = (
				9F7BCC7223A9022600E4D2AA /* BudTechnicalTest.app */,
				9F7BCC8623A9022700E4D2AA /* BudTechnicalTestTests.xctest */,
			);
			name = Products;
			sourceTree = "<group>";
		};
		9F7BCC7423A9022600E4D2AA /* BudTechnicalTest */ = {
			isa = PBXGroup;
			children = (
				9F7BCCAE23AA87C900E4D2AA /* Extensions */,
				9F7BCCAA23AA538000E4D2AA /* Storyboard */,
				9F7BCCA723A942BA00E4D2AA /* WebService */,
				9F7BCC9523A9023200E4D2AA /* Model */,
				9F7BCC9623A9023A00E4D2AA /* View */,
				9F7BCC7523A9022600E4D2AA /* AppDelegate.swift */,
				9F7BCC7C23A9022700E4D2AA /* Assets.xcassets */,
				9F7BCC7E23A9022700E4D2AA /* LaunchScreen.storyboard */,
				9F7BCC8123A9022700E4D2AA /* Info.plist */,
			);
			path = BudTechnicalTest;
			sourceTree = "<group>";
		};
		9F7BCC8923A9022700E4D2AA /* BudTechnicalTestTests */ = {
			isa = PBXGroup;
			children = (
				9F7BCC8A23A9022700E4D2AA /* BudTechnicalTestTests.swift */,
				9F7BCC8C23A9022700E4D2AA /* Info.plist */,
			);
			path = BudTechnicalTestTests;
			sourceTree = "<group>";
		};
		9F7BCC9523A9023200E4D2AA /* Model */ = {
			isa = PBXGroup;
			children = (
				9F7BCC9D23A920DC00E4D2AA /* Transaction.swift */,
			);
			path = Model;
			sourceTree = "<group>";
		};
		9F7BCC9623A9023A00E4D2AA /* View */ = {
			isa = PBXGroup;
			children = (
				9F7BCC7723A9022600E4D2AA /* TransactionViewController.swift */,
				9F7BCC9823A9029A00E4D2AA /* TableView */,
			);
			path = View;
			sourceTree = "<group>";
		};
		9F7BCC9823A9029A00E4D2AA /* TableView */ = {
			isa = PBXGroup;
			children = (
				9F7BCC9923A902A400E4D2AA /* TableViewCell */,
			);
			path = TableView;
			sourceTree = "<group>";
		};
		9F7BCC9923A902A400E4D2AA /* TableViewCell */ = {
			isa = PBXGroup;
			children = (
				9F7BCCA323A93FEE00E4D2AA /* TransactionTableViewCell.swift */,
				9F7BCCA423A93FEE00E4D2AA /* TransactionTableViewCell.xib */,
			);
			path = TableViewCell;
			sourceTree = "<group>";
		};
		9F7BCCA723A942BA00E4D2AA /* WebService */ = {
			isa = PBXGroup;
			children = (
				9F7BCCA823A942E900E4D2AA /* TransactionWebService.swift */,
			);
			path = WebService;
			sourceTree = "<group>";
		};
		9F7BCCAA23AA538000E4D2AA /* Storyboard */ = {
			isa = PBXGroup;
			children = (
				9F7BCC7923A9022600E4D2AA /* Transactions.storyboard */,
			);
			path = Storyboard;
			sourceTree = "<group>";
		};
		9F7BCCAE23AA87C900E4D2AA /* Extensions */ = {
			isa = PBXGroup;
			children = (
				9F7BCCAF23AA87ED00E4D2AA /* UIImageView+URL.swift */,
				9F7BCCB123ABDE7200E4D2AA /* UIImageView+CircularImage.swift */,
				9F7BCCB323ABDF9A00E4D2AA /* UIImageView+Border.swift */,
			);
			path = Extensions;
			sourceTree = "<group>";
		};
/* End PBXGroup section */

/* Begin PBXNativeTarget section */
		9F7BCC7123A9022600E4D2AA /* BudTechnicalTest */ = {
			isa = PBXNativeTarget;
			buildConfigurationList = 9F7BCC8F23A9022700E4D2AA /* Build configuration list for PBXNativeTarget "BudTechnicalTest" */;
			buildPhases = (
				9F7BCC6E23A9022600E4D2AA /* Sources */,
				9F7BCC6F23A9022600E4D2AA /* Frameworks */,
				9F7BCC7023A9022600E4D2AA /* Resources */,
			);
			buildRules = (
			);
			dependencies = (
			);
			name = BudTechnicalTest;
			productName = BudTechnicalTest;
			productReference = 9F7BCC7223A9022600E4D2AA /* BudTechnicalTest.app */;
			productType = "com.apple.product-type.application";
		};
		9F7BCC8523A9022700E4D2AA /* BudTechnicalTestTests */ = {
			isa = PBXNativeTarget;
			buildConfigurationList = 9F7BCC9223A9022700E4D2AA /* Build configuration list for PBXNativeTarget "BudTechnicalTestTests" */;
			buildPhases = (
				9F7BCC8223A9022700E4D2AA /* Sources */,
				9F7BCC8323A9022700E4D2AA /* Frameworks */,
				9F7BCC8423A9022700E4D2AA /* Resources */,
			);
			buildRules = (
			);
			dependencies = (
				9F7BCC8823A9022700E4D2AA /* PBXTargetDependency */,
			);
			name = BudTechnicalTestTests;
			productName = BudTechnicalTestTests;
			productReference = 9F7BCC8623A9022700E4D2AA /* BudTechnicalTestTests.xctest */;
			productType = "com.apple.product-type.bundle.unit-test";
		};
/* End PBXNativeTarget section */

/* Begin PBXProject section */
		9F7BCC6A23A9022600E4D2AA /* Project object */ = {
			isa = PBXProject;
			attributes = {
				LastSwiftUpdateCheck = 1030;
				LastUpgradeCheck = 1030;
				ORGANIZATIONNAME = "Matt Roberts";
				TargetAttributes = {
					9F7BCC7123A9022600E4D2AA = {
						CreatedOnToolsVersion = 10.3;
					};
					9F7BCC8523A9022700E4D2AA = {
						CreatedOnToolsVersion = 10.3;
						TestTargetID = 9F7BCC7123A9022600E4D2AA;
					};
				};
			};
			buildConfigurationList = 9F7BCC6D23A9022600E4D2AA /* Build configuration list for PBXProject "BudTechnicalTest" */;
			compatibilityVersion = "Xcode 9.3";
			developmentRegion = en;
			hasScannedForEncodings = 0;
			knownRegions = (
				en,
				Base,
			);
			mainGroup = 9F7BCC6923A9022600E4D2AA;
			productRefGroup = 9F7BCC7323A9022600E4D2AA /* Products */;
			projectDirPath = "";
			projectRoot = "";
			targets = (
				9F7BCC7123A9022600E4D2AA /* BudTechnicalTest */,
				9F7BCC8523A9022700E4D2AA /* BudTechnicalTestTests */,
			);
		};
/* End PBXProject section */

/* Begin PBXResourcesBuildPhase section */
		9F7BCC7023A9022600E4D2AA /* Resources */ = {
			isa = PBXResourcesBuildPhase;
			buildActionMask = 2147483647;
			files = (
				9F7BCC8023A9022700E4D2AA /* LaunchScreen.storyboard in Resources */,
				9F7BCC7D23A9022700E4D2AA /* Assets.xcassets in Resources */,
				9F7BCCA623A93FEE00E4D2AA /* TransactionTableViewCell.xib in Resources */,
				9F7BCC7B23A9022600E4D2AA /* Transactions.storyboard in Resources */,
			);
			runOnlyForDeploymentPostprocessing = 0;
		};
		9F7BCC8423A9022700E4D2AA /* Resources */ = {
			isa = PBXResourcesBuildPhase;
			buildActionMask = 2147483647;
			files = (
			);
			runOnlyForDeploymentPostprocessing = 0;
		};
/* End PBXResourcesBuildPhase section */

/* Begin PBXSourcesBuildPhase section */
		9F7BCC6E23A9022600E4D2AA /* Sources */ = {
			isa = PBXSourcesBuildPhase;
			buildActionMask = 2147483647;
			files = (
				9F7BCCB423ABDF9A00E4D2AA /* UIImageView+Border.swift in Sources */,
				9F7BCC7823A9022600E4D2AA /* TransactionViewController.swift in Sources */,
				9F7BCCA523A93FEE00E4D2AA /* TransactionTableViewCell.swift in Sources */,
				9F7BCCB023AA87ED00E4D2AA /* UIImageView+URL.swift in Sources */,
				9F7BCCA923A942E900E4D2AA /* TransactionWebService.swift in Sources */,
				9F7BCC7623A9022600E4D2AA /* AppDelegate.swift in Sources */,
				9F7BCCB223ABDE7200E4D2AA /* UIImageView+CircularImage.swift in Sources */,
				9F7BCC9E23A920DC00E4D2AA /* Transaction.swift in Sources */,
			);
			runOnlyForDeploymentPostprocessing = 0;
		};
		9F7BCC8223A9022700E4D2AA /* Sources */ = {
			isa = PBXSourcesBuildPhase;
			buildActionMask = 2147483647;
			files = (
				9F7BCC8B23A9022700E4D2AA /* BudTechnicalTestTests.swift in Sources */,
			);
			runOnlyForDeploymentPostprocessing = 0;
		};
/* End PBXSourcesBuildPhase section */

/* Begin PBXTargetDependency section */
		9F7BCC8823A9022700E4D2AA /* PBXTargetDependency */ = {
			isa = PBXTargetDependency;
			target = 9F7BCC7123A9022600E4D2AA /* BudTechnicalTest */;
			targetProxy = 9F7BCC8723A9022700E4D2AA /* PBXContainerItemProxy */;
		};
/* End PBXTargetDependency section */

/* Begin PBXVariantGroup section */
		9F7BCC7923A9022600E4D2AA /* Transactions.storyboard */ = {
			isa = PBXVariantGroup;
			children = (
				9F7BCC7A23A9022600E4D2AA /* Base */,
			);
			name = Transactions.storyboard;
			sourceTree = "<group>";
		};
		9F7BCC7E23A9022700E4D2AA /* LaunchScreen.storyboard */ = {
			isa = PBXVariantGroup;
			children = (
				9F7BCC7F23A9022700E4D2AA /* Base */,
			);
			name = LaunchScreen.storyboard;
			sourceTree = "<group>";
		};
/* End PBXVariantGroup section */

/* Begin XCBuildConfiguration section */
		9F7BCC8D23A9022700E4D2AA /* Debug */ = {
			isa = XCBuildConfiguration;
			buildSettings = {
				ALWAYS_SEARCH_USER_PATHS = NO;
				CLANG_ANALYZER_NONNULL = YES;
				CLANG_ANALYZER_NUMBER_OBJECT_CONVERSION = YES_AGGRESSIVE;
				CLANG_CXX_LANGUAGE_STANDARD = "gnu++14";
				CLANG_CXX_LIBRARY = "libc++";
				CLANG_ENABLE_MODULES = YES;
				CLANG_ENABLE_OBJC_ARC = YES;
				CLANG_ENABLE_OBJC_WEAK = YES;
				CLANG_WARN_BLOCK_CAPTURE_AUTORELEASING = YES;
				CLANG_WARN_BOOL_CONVERSION = YES;
				CLANG_WARN_COMMA = YES;
				CLANG_WARN_CONSTANT_CONVERSION = YES;
				CLANG_WARN_DEPRECATED_OBJC_IMPLEMENTATIONS = YES;
				CLANG_WARN_DIRECT_OBJC_ISA_USAGE = YES_ERROR;
				CLANG_WARN_DOCUMENTATION_COMMENTS = YES;
				CLANG_WARN_EMPTY_BODY = YES;
				CLANG_WARN_ENUM_CONVERSION = YES;
				CLANG_WARN_INFINITE_RECURSION = YES;
				CLANG_WARN_INT_CONVERSION = YES;
				CLANG_WARN_NON_LITERAL_NULL_CONVERSION = YES;
				CLANG_WARN_OBJC_IMPLICIT_RETAIN_SELF = YES;
				CLANG_WARN_OBJC_LITERAL_CONVERSION = YES;
				CLANG_WARN_OBJC_ROOT_CLASS = YES_ERROR;
				CLANG_WARN_RANGE_LOOP_ANALYSIS = YES;
				CLANG_WARN_STRICT_PROTOTYPES = YES;
				CLANG_WARN_SUSPICIOUS_MOVE = YES;
				CLANG_WARN_UNGUARDED_AVAILABILITY = YES_AGGRESSIVE;
				CLANG_WARN_UNREACHABLE_CODE = YES;
				CLANG_WARN__DUPLICATE_METHOD_MATCH = YES;
				CODE_SIGN_IDENTITY = "iPhone Developer";
				COPY_PHASE_STRIP = NO;
				DEBUG_INFORMATION_FORMAT = dwarf;
				ENABLE_STRICT_OBJC_MSGSEND = YES;
				ENABLE_TESTABILITY = YES;
				GCC_C_LANGUAGE_STANDARD = gnu11;
				GCC_DYNAMIC_NO_PIC = NO;
				GCC_NO_COMMON_BLOCKS = YES;
				GCC_OPTIMIZATION_LEVEL = 0;
				GCC_PREPROCESSOR_DEFINITIONS = (
					"DEBUG=1",
					"$(inherited)",
				);
				GCC_WARN_64_TO_32_BIT_CONVERSION = YES;
				GCC_WARN_ABOUT_RETURN_TYPE = YES_ERROR;
				GCC_WARN_UNDECLARED_SELECTOR = YES;
				GCC_WARN_UNINITIALIZED_AUTOS = YES_AGGRESSIVE;
				GCC_WARN_UNUSED_FUNCTION = YES;
				GCC_WARN_UNUSED_VARIABLE = YES;
				IPHONEOS_DEPLOYMENT_TARGET = 12.4;
				MTL_ENABLE_DEBUG_INFO = INCLUDE_SOURCE;
				MTL_FAST_MATH = YES;
				ONLY_ACTIVE_ARCH = YES;
				SDKROOT = iphoneos;
				SWIFT_ACTIVE_COMPILATION_CONDITIONS = DEBUG;
				SWIFT_OPTIMIZATION_LEVEL = "-Onone";
			};
			name = Debug;
		};
		9F7BCC8E23A9022700E4D2AA /* Release */ = {
			isa = XCBuildConfiguration;
			buildSettings = {
				ALWAYS_SEARCH_USER_PATHS = NO;
				CLANG_ANALYZER_NONNULL = YES;
				CLANG_ANALYZER_NUMBER_OBJECT_CONVERSION = YES_AGGRESSIVE;
				CLANG_CXX_LANGUAGE_STANDARD = "gnu++14";
				CLANG_CXX_LIBRARY = "libc++";
				CLANG_ENABLE_MODULES = YES;
				CLANG_ENABLE_OBJC_ARC = YES;
				CLANG_ENABLE_OBJC_WEAK = YES;
				CLANG_WARN_BLOCK_CAPTURE_AUTORELEASING = YES;
				CLANG_WARN_BOOL_CONVERSION = YES;
				CLANG_WARN_COMMA = YES;
				CLANG_WARN_CONSTANT_CONVERSION = YES;
				CLANG_WARN_DEPRECATED_OBJC_IMPLEMENTATIONS = YES;
				CLANG_WARN_DIRECT_OBJC_ISA_USAGE = YES_ERROR;
				CLANG_WARN_DOCUMENTATION_COMMENTS = YES;
				CLANG_WARN_EMPTY_BODY = YES;
				CLANG_WARN_ENUM_CONVERSION = YES;
				CLANG_WARN_INFINITE_RECURSION = YES;
				CLANG_WARN_INT_CONVERSION = YES;
				CLANG_WARN_NON_LITERAL_NULL_CONVERSION = YES;
				CLANG_WARN_OBJC_IMPLICIT_RETAIN_SELF = YES;
				CLANG_WARN_OBJC_LITERAL_CONVERSION = YES;
				CLANG_WARN_OBJC_ROOT_CLASS = YES_ERROR;
				CLANG_WARN_RANGE_LOOP_ANALYSIS = YES;
				CLANG_WARN_STRICT_PROTOTYPES = YES;
				CLANG_WARN_SUSPICIOUS_MOVE = YES;
				CLANG_WARN_UNGUARDED_AVAILABILITY = YES_AGGRESSIVE;
				CLANG_WARN_UNREACHABLE_CODE = YES;
				CLANG_WARN__DUPLICATE_METHOD_MATCH = YES;
				CODE_SIGN_IDENTITY = "iPhone Developer";
				COPY_PHASE_STRIP = NO;
				DEBUG_INFORMATION_FORMAT = "dwarf-with-dsym";
				ENABLE_NS_ASSERTIONS = NO;
				ENABLE_STRICT_OBJC_MSGSEND = YES;
				GCC_C_LANGUAGE_STANDARD = gnu11;
				GCC_NO_COMMON_BLOCKS = YES;
				GCC_WARN_64_TO_32_BIT_CONVERSION = YES;
				GCC_WARN_ABOUT_RETURN_TYPE = YES_ERROR;
				GCC_WARN_UNDECLARED_SELECTOR = YES;
				GCC_WARN_UNINITIALIZED_AUTOS = YES_AGGRESSIVE;
				GCC_WARN_UNUSED_FUNCTION = YES;
				GCC_WARN_UNUSED_VARIABLE = YES;
				IPHONEOS_DEPLOYMENT_TARGET = 12.4;
				MTL_ENABLE_DEBUG_INFO = NO;
				MTL_FAST_MATH = YES;
				SDKROOT = iphoneos;
				SWIFT_COMPILATION_MODE = wholemodule;
				SWIFT_OPTIMIZATION_LEVEL = "-O";
				VALIDATE_PRODUCT = YES;
			};
			name = Release;
		};
		9F7BCC9023A9022700E4D2AA /* Debug */ = {
			isa = XCBuildConfiguration;
			buildSettings = {
				ASSETCATALOG_COMPILER_APPICON_NAME = AppIcon;
				CODE_SIGN_STYLE = Automatic;
				INFOPLIST_FILE = BudTechnicalTest/Info.plist;
				LD_RUNPATH_SEARCH_PATHS = (
					"$(inherited)",
					"@executable_path/Frameworks",
				);
				PRODUCT_BUNDLE_IDENTIFIER = com.mau5mat.BudTechnicalTest;
				PRODUCT_NAME = "$(TARGET_NAME)";
				SWIFT_VERSION = 5.0;
				TARGETED_DEVICE_FAMILY = "1,2";
			};
			name = Debug;
		};
		9F7BCC9123A9022700E4D2AA /* Release */ = {
			isa = XCBuildConfiguration;
			buildSettings = {
				ASSETCATALOG_COMPILER_APPICON_NAME = AppIcon;
				CODE_SIGN_STYLE = Automatic;
				INFOPLIST_FILE = BudTechnicalTest/Info.plist;
				LD_RUNPATH_SEARCH_PATHS = (
					"$(inherited)",
					"@executable_path/Frameworks",
				);
				PRODUCT_BUNDLE_IDENTIFIER = com.mau5mat.BudTechnicalTest;
				PRODUCT_NAME = "$(TARGET_NAME)";
				SWIFT_VERSION = 5.0;
				TARGETED_DEVICE_FAMILY = "1,2";
			};
			name = Release;
		};
		9F7BCC9323A9022700E4D2AA /* Debug */ = {
			isa = XCBuildConfiguration;
			buildSettings = {
				ALWAYS_EMBED_SWIFT_STANDARD_LIBRARIES = YES;
				BUNDLE_LOADER = "$(TEST_HOST)";
				CODE_SIGN_STYLE = Automatic;
				INFOPLIST_FILE = BudTechnicalTestTests/Info.plist;
				LD_RUNPATH_SEARCH_PATHS = (
					"$(inherited)",
					"@executable_path/Frameworks",
					"@loader_path/Frameworks",
				);
				PRODUCT_BUNDLE_IDENTIFIER = com.mau5mat.BudTechnicalTestTests;
				PRODUCT_NAME = "$(TARGET_NAME)";
				SWIFT_VERSION = 5.0;
				TARGETED_DEVICE_FAMILY = "1,2";
				TEST_HOST = "$(BUILT_PRODUCTS_DIR)/BudTechnicalTest.app/BudTechnicalTest";
			};
			name = Debug;
		};
		9F7BCC9423A9022700E4D2AA /* Release */ = {
			isa = XCBuildConfiguration;
			buildSettings = {
				ALWAYS_EMBED_SWIFT_STANDARD_LIBRARIES = YES;
				BUNDLE_LOADER = "$(TEST_HOST)";
				CODE_SIGN_STYLE = Automatic;
				INFOPLIST_FILE = BudTechnicalTestTests/Info.plist;
				LD_RUNPATH_SEARCH_PATHS = (
					"$(inherited)",
					"@executable_path/Frameworks",
					"@loader_path/Frameworks",
				);
				PRODUCT_BUNDLE_IDENTIFIER = com.mau5mat.BudTechnicalTestTests;
				PRODUCT_NAME = "$(TARGET_NAME)";
				SWIFT_VERSION = 5.0;
				TARGETED_DEVICE_FAMILY = "1,2";
				TEST_HOST = "$(BUILT_PRODUCTS_DIR)/BudTechnicalTest.app/BudTechnicalTest";
			};
			name = Release;
		};
/* End XCBuildConfiguration section */

/* Begin XCConfigurationList section */
		9F7BCC6D23A9022600E4D2AA /* Build configuration list for PBXProject "BudTechnicalTest" */ = {
			isa = XCConfigurationList;
			buildConfigurations = (
				9F7BCC8D23A9022700E4D2AA /* Debug */,
				9F7BCC8E23A9022700E4D2AA /* Release */,
			);
			defaultConfigurationIsVisible = 0;
			defaultConfigurationName = Release;
		};
		9F7BCC8F23A9022700E4D2AA /* Build configuration list for PBXNativeTarget "BudTechnicalTest" */ = {
			isa = XCConfigurationList;
			buildConfigurations = (
				9F7BCC9023A9022700E4D2AA /* Debug */,
				9F7BCC9123A9022700E4D2AA /* Release */,
			);
			defaultConfigurationIsVisible = 0;
			defaultConfigurationName = Release;
		};
		9F7BCC9223A9022700E4D2AA /* Build configuration list for PBXNativeTarget "BudTechnicalTestTests" */ = {
			isa = XCConfigurationList;
			buildConfigurations = (
				9F7BCC9323A9022700E4D2AA /* Debug */,
				9F7BCC9423A9022700E4D2AA /* Release */,
			);
			defaultConfigurationIsVisible = 0;
			defaultConfigurationName = Release;
		};
/* End XCConfigurationList section */
	};
	rootObject = 9F7BCC6A23A9022600E4D2AA /* Project object */;
}
